
Microsoft Visual Studio Solution File, Format Version 12.00
# Visual Studio Version 17
VisualStudioVersion = 17.0.31903.59
MinimumVisualStudioVersion = 10.0.40219.1
Project("{FAE04EC0-301F-11D3-BF4B-00C04F79EFBC}") = "Adminstrator", "Adminstrator\Adminstrator.csproj", "{773C795E-6AB2-4AA1-90D7-4A5413CBDDF0}"
EndProject
Global
	GlobalSection(SolutionConfigurationPlatforms) = preSolution
		Debug|Any CPU = Debug|Any CPU
		Release|Any CPU = Release|Any CPU
	EndGlobalSection
	GlobalSection(ProjectConfigurationPlatforms) = postSolution
		{773C795E-6AB2-4AA1-90D7-4A5413CBDDF0}.Debug|Any CPU.ActiveCfg = Debug|Any CPU
		{773C795E-6AB2-4AA1-90D7-4A5413CBDDF0}.Debug|Any CPU.Build.0 = Debug|Any CPU
		{773C795E-6AB2-4AA1-90D7-4A5413CBDDF0}.Release|Any CPU.ActiveCfg = Release|Any CPU
		{773C795E-6AB2-4AA1-90D7-4A5413CBDDF0}.Release|Any CPU.Build.0 = Release|Any CPU
	EndGlobalSection
	GlobalSection(SolutionProperties) = preSolution
		HideSolutionNode = FALSE
	EndGlobalSection
	GlobalSection(ExtensibilityGlobals) = postSolution
		SolutionGuid = {6869EFE7-2C2B-4B4C-AC1A-63BF42F160D1}
	EndGlobalSection
EndGlobal
