
Microsoft Visual Studio Solution File, Format Version 12.00
# Visual Studio Version 17
VisualStudioVersion = 17.14.36401.2 d17.14
MinimumVisualStudioVersion = 10.0.40219.1
Project("{FAE04EC0-301F-11D3-BF4B-00C04F79EFBC}") = "Frontend", "Frontend\Frontend.csproj", "{700C88CE-7DDE-4EFD-96FC-B8DA2475D788}"
EndProject
Global
	GlobalSection(SolutionConfigurationPlatforms) = preSolution
		Debug|Any CPU = Debug|Any CPU
		Release|Any CPU = Release|Any CPU
	EndGlobalSection
	GlobalSection(ProjectConfigurationPlatforms) = postSolution
		{700C88CE-7DDE-4EFD-96FC-B8DA2475D788}.Debug|Any CPU.ActiveCfg = Debug|Any CPU
		{700C88CE-7DDE-4EFD-96FC-B8DA2475D788}.Debug|Any CPU.Build.0 = Debug|Any CPU
		{700C88CE-7DDE-4EFD-96FC-B8DA2475D788}.Release|Any CPU.ActiveCfg = Release|Any CPU
		{700C88CE-7DDE-4EFD-96FC-B8DA2475D788}.Release|Any CPU.Build.0 = Release|Any CPU
	EndGlobalSection
	GlobalSection(SolutionProperties) = preSolution
		HideSolutionNode = FALSE
	EndGlobalSection
	GlobalSection(ExtensibilityGlobals) = postSolution
		SolutionGuid = {E6F69FD9-5FAC-4126-9987-1B098B3B7D83}
	EndGlobalSection
EndGlobal
