
Microsoft Visual Studio Solution File, Format Version 12.00
# Visual Studio Version 17
VisualStudioVersion = 17.14.36401.2
MinimumVisualStudioVersion = 10.0.40219.1
Project("{2150E333-8FDC-42A3-9474-1A3956D46DE8}") = "Backend.Authentication", "Backend.Authentication", "{02EA681E-C7D8-13C7-8484-4AC65E1B71E8}"
EndProject
Project("{FAE04EC0-301F-11D3-BF4B-00C04F79EFBC}") = "API", "Backend.Authentication\API\API.csproj", "{21928652-5D25-91B2-7A81-A70016008843}"
EndProject
Project("{FAE04EC0-301F-11D3-BF4B-00C04F79EFBC}") = "BLL", "Backend.Authentication\BLL\BLL.csproj", "{9542A7F2-8505-91FF-A952-43F8FBDDF264}"
EndProject
Project("{FAE04EC0-301F-11D3-BF4B-00C04F79EFBC}") = "Common", "Backend.Authentication\Common\Common.csproj", "{997ECEE0-0C7C-2096-2D33-83B198626E5E}"
EndProject
Project("{FAE04EC0-301F-11D3-BF4B-00C04F79EFBC}") = "DAL", "Backend.Authentication\DAL\DAL.csproj", "{2FA75192-C83D-DAC4-68EC-9E337620F848}"
EndProject
Project("{2150E333-8FDC-42A3-9474-1A3956D46DE8}") = "Backend.User", "Backend.User", "{3946BD05-52B5-4F85-ADA3-5D6662838021}"
EndProject
Project("{2150E333-8FDC-42A3-9474-1A3956D46DE8}") = "Backend.Store", "Backend.Store", "{C7831676-EBEA-4F3D-A9B8-42B2C65B938F}"
EndProject
Project("{FAE04EC0-301F-11D3-BF4B-00C04F79EFBC}") = "API", "Backend.User\API\API.csproj", "{59DA9999-6017-FDE9-15F6-555CD6504171}"
EndProject
Project("{FAE04EC0-301F-11D3-BF4B-00C04F79EFBC}") = "BLL", "Backend.User\BLL\BLL.csproj", "{1A9DE0E0-2541-2463-9354-590FFD5E331D}"
EndProject
Project("{FAE04EC0-301F-11D3-BF4B-00C04F79EFBC}") = "Common", "Backend.User\Common\Common.csproj", "{A9DB7F22-4D7E-0D2C-D12A-818D6399A403}"
EndProject
Project("{FAE04EC0-301F-11D3-BF4B-00C04F79EFBC}") = "DAL", "Backend.User\DAL\DAL.csproj", "{5AA2A8FB-3555-9EEC-D04A-F01CD184D5F0}"
EndProject
Project("{FAE04EC0-301F-11D3-BF4B-00C04F79EFBC}") = "API", "Backend.Store\API\API.csproj", "{73899EEE-96C2-3364-0E0D-AFCA30A2617B}"
EndProject
Project("{FAE04EC0-301F-11D3-BF4B-00C04F79EFBC}") = "BLL", "Backend.Store\BLL\BLL.csproj", "{326AA005-B7E2-E5C8-06AC-71747514E1BE}"
EndProject
Project("{FAE04EC0-301F-11D3-BF4B-00C04F79EFBC}") = "Common", "Backend.Store\Common\Common.csproj", "{C4D7818F-0F4A-D9C6-BB90-9C2734BCF4E6}"
EndProject
Project("{FAE04EC0-301F-11D3-BF4B-00C04F79EFBC}") = "DAL", "Backend.Store\DAL\DAL.csproj", "{6ECBE766-6232-8758-0903-F4EEC6DC0E34}"
EndProject
Project("{2150E333-8FDC-42A3-9474-1A3956D46DE8}") = "Backend.Product", "Backend.Product", "{095A3BF4-1860-4C9A-8488-78C3F90213DE}"
EndProject
Project("{FAE04EC0-301F-11D3-BF4B-00C04F79EFBC}") = "DAL", "Backend.Product\DAL\DAL.csproj", "{2725BB2A-8434-4962-8D5B-1D928E0C1B93}"
EndProject
Project("{FAE04EC0-301F-11D3-BF4B-00C04F79EFBC}") = "BLL", "Backend.Product\BLL\BLL.csproj", "{205D560F-B736-4734-A79E-EF7554BFE0A0}"
EndProject
Project("{FAE04EC0-301F-11D3-BF4B-00C04F79EFBC}") = "API", "Backend.Product\API\API.csproj", "{685C4034-1CB8-47F7-9FB8-B74326D782D5}"
EndProject
Project("{FAE04EC0-301F-11D3-BF4B-00C04F79EFBC}") = "Common", "Backend.Product\Common\Common.csproj", "{AA1FADDD-BA92-46AD-8519-A69ECAA1D71A}"
EndProject
Project("{2150E333-8FDC-42A3-9474-1A3956D46DE8}") = "Gateway", "Gateway", "{993FC159-FF30-46BA-856D-D228C7A4B9EC}"
EndProject
Project("{FAE04EC0-301F-11D3-BF4B-00C04F79EFBC}") = "API", "Gateway\API\API.csproj", "{D7812DE3-F893-458F-87C7-F82B0D1E54F3}"
EndProject
Global
	GlobalSection(SolutionConfigurationPlatforms) = preSolution
		Debug|Any CPU = Debug|Any CPU
		Release|Any CPU = Release|Any CPU
	EndGlobalSection
	GlobalSection(ProjectConfigurationPlatforms) = postSolution
		{21928652-5D25-91B2-7A81-A70016008843}.Debug|Any CPU.ActiveCfg = Debug|Any CPU
		{21928652-5D25-91B2-7A81-A70016008843}.Debug|Any CPU.Build.0 = Debug|Any CPU
		{21928652-5D25-91B2-7A81-A70016008843}.Release|Any CPU.ActiveCfg = Release|Any CPU
		{21928652-5D25-91B2-7A81-A70016008843}.Release|Any CPU.Build.0 = Release|Any CPU
		{9542A7F2-8505-91FF-A952-43F8FBDDF264}.Debug|Any CPU.ActiveCfg = Debug|Any CPU
		{9542A7F2-8505-91FF-A952-43F8FBDDF264}.Debug|Any CPU.Build.0 = Debug|Any CPU
		{9542A7F2-8505-91FF-A952-43F8FBDDF264}.Release|Any CPU.ActiveCfg = Release|Any CPU
		{9542A7F2-8505-91FF-A952-43F8FBDDF264}.Release|Any CPU.Build.0 = Release|Any CPU
		{997ECEE0-0C7C-2096-2D33-83B198626E5E}.Debug|Any CPU.ActiveCfg = Debug|Any CPU
		{997ECEE0-0C7C-2096-2D33-83B198626E5E}.Debug|Any CPU.Build.0 = Debug|Any CPU
		{997ECEE0-0C7C-2096-2D33-83B198626E5E}.Release|Any CPU.ActiveCfg = Release|Any CPU
		{997ECEE0-0C7C-2096-2D33-83B198626E5E}.Release|Any CPU.Build.0 = Release|Any CPU
		{2FA75192-C83D-DAC4-68EC-9E337620F848}.Debug|Any CPU.ActiveCfg = Debug|Any CPU
		{2FA75192-C83D-DAC4-68EC-9E337620F848}.Debug|Any CPU.Build.0 = Debug|Any CPU
		{2FA75192-C83D-DAC4-68EC-9E337620F848}.Release|Any CPU.ActiveCfg = Release|Any CPU
		{2FA75192-C83D-DAC4-68EC-9E337620F848}.Release|Any CPU.Build.0 = Release|Any CPU
		{59DA9999-6017-FDE9-15F6-555CD6504171}.Debug|Any CPU.ActiveCfg = Debug|Any CPU
		{59DA9999-6017-FDE9-15F6-555CD6504171}.Debug|Any CPU.Build.0 = Debug|Any CPU
		{59DA9999-6017-FDE9-15F6-555CD6504171}.Release|Any CPU.ActiveCfg = Release|Any CPU
		{59DA9999-6017-FDE9-15F6-555CD6504171}.Release|Any CPU.Build.0 = Release|Any CPU
		{1A9DE0E0-2541-2463-9354-590FFD5E331D}.Debug|Any CPU.ActiveCfg = Debug|Any CPU
		{1A9DE0E0-2541-2463-9354-590FFD5E331D}.Debug|Any CPU.Build.0 = Debug|Any CPU
		{1A9DE0E0-2541-2463-9354-590FFD5E331D}.Release|Any CPU.ActiveCfg = Release|Any CPU
		{1A9DE0E0-2541-2463-9354-590FFD5E331D}.Release|Any CPU.Build.0 = Release|Any CPU
		{A9DB7F22-4D7E-0D2C-D12A-818D6399A403}.Debug|Any CPU.ActiveCfg = Debug|Any CPU
		{A9DB7F22-4D7E-0D2C-D12A-818D6399A403}.Debug|Any CPU.Build.0 = Debug|Any CPU
		{A9DB7F22-4D7E-0D2C-D12A-818D6399A403}.Release|Any CPU.ActiveCfg = Release|Any CPU
		{A9DB7F22-4D7E-0D2C-D12A-818D6399A403}.Release|Any CPU.Build.0 = Release|Any CPU
		{5AA2A8FB-3555-9EEC-D04A-F01CD184D5F0}.Debug|Any CPU.ActiveCfg = Debug|Any CPU
		{5AA2A8FB-3555-9EEC-D04A-F01CD184D5F0}.Debug|Any CPU.Build.0 = Debug|Any CPU
		{5AA2A8FB-3555-9EEC-D04A-F01CD184D5F0}.Release|Any CPU.ActiveCfg = Release|Any CPU
		{5AA2A8FB-3555-9EEC-D04A-F01CD184D5F0}.Release|Any CPU.Build.0 = Release|Any CPU
		{73899EEE-96C2-3364-0E0D-AFCA30A2617B}.Debug|Any CPU.ActiveCfg = Debug|Any CPU
		{73899EEE-96C2-3364-0E0D-AFCA30A2617B}.Debug|Any CPU.Build.0 = Debug|Any CPU
		{73899EEE-96C2-3364-0E0D-AFCA30A2617B}.Release|Any CPU.ActiveCfg = Release|Any CPU
		{73899EEE-96C2-3364-0E0D-AFCA30A2617B}.Release|Any CPU.Build.0 = Release|Any CPU
		{326AA005-B7E2-E5C8-06AC-71747514E1BE}.Debug|Any CPU.ActiveCfg = Debug|Any CPU
		{326AA005-B7E2-E5C8-06AC-71747514E1BE}.Debug|Any CPU.Build.0 = Debug|Any CPU
		{326AA005-B7E2-E5C8-06AC-71747514E1BE}.Release|Any CPU.ActiveCfg = Release|Any CPU
		{326AA005-B7E2-E5C8-06AC-71747514E1BE}.Release|Any CPU.Build.0 = Release|Any CPU
		{C4D7818F-0F4A-D9C6-BB90-9C2734BCF4E6}.Debug|Any CPU.ActiveCfg = Debug|Any CPU
		{C4D7818F-0F4A-D9C6-BB90-9C2734BCF4E6}.Debug|Any CPU.Build.0 = Debug|Any CPU
		{C4D7818F-0F4A-D9C6-BB90-9C2734BCF4E6}.Release|Any CPU.ActiveCfg = Release|Any CPU
		{C4D7818F-0F4A-D9C6-BB90-9C2734BCF4E6}.Release|Any CPU.Build.0 = Release|Any CPU
		{6ECBE766-6232-8758-0903-F4EEC6DC0E34}.Debug|Any CPU.ActiveCfg = Debug|Any CPU
		{6ECBE766-6232-8758-0903-F4EEC6DC0E34}.Debug|Any CPU.Build.0 = Debug|Any CPU
		{6ECBE766-6232-8758-0903-F4EEC6DC0E34}.Release|Any CPU.ActiveCfg = Release|Any CPU
		{6ECBE766-6232-8758-0903-F4EEC6DC0E34}.Release|Any CPU.Build.0 = Release|Any CPU
		{2725BB2A-8434-4962-8D5B-1D928E0C1B93}.Debug|Any CPU.ActiveCfg = Debug|Any CPU
		{2725BB2A-8434-4962-8D5B-1D928E0C1B93}.Debug|Any CPU.Build.0 = Debug|Any CPU
		{2725BB2A-8434-4962-8D5B-1D928E0C1B93}.Release|Any CPU.ActiveCfg = Release|Any CPU
		{2725BB2A-8434-4962-8D5B-1D928E0C1B93}.Release|Any CPU.Build.0 = Release|Any CPU
		{205D560F-B736-4734-A79E-EF7554BFE0A0}.Debug|Any CPU.ActiveCfg = Debug|Any CPU
		{205D560F-B736-4734-A79E-EF7554BFE0A0}.Debug|Any CPU.Build.0 = Debug|Any CPU
		{205D560F-B736-4734-A79E-EF7554BFE0A0}.Release|Any CPU.ActiveCfg = Release|Any CPU
		{205D560F-B736-4734-A79E-EF7554BFE0A0}.Release|Any CPU.Build.0 = Release|Any CPU
		{685C4034-1CB8-47F7-9FB8-B74326D782D5}.Debug|Any CPU.ActiveCfg = Debug|Any CPU
		{685C4034-1CB8-47F7-9FB8-B74326D782D5}.Debug|Any CPU.Build.0 = Debug|Any CPU
		{685C4034-1CB8-47F7-9FB8-B74326D782D5}.Release|Any CPU.ActiveCfg = Release|Any CPU
		{685C4034-1CB8-47F7-9FB8-B74326D782D5}.Release|Any CPU.Build.0 = Release|Any CPU
		{AA1FADDD-BA92-46AD-8519-A69ECAA1D71A}.Debug|Any CPU.ActiveCfg = Debug|Any CPU
		{AA1FADDD-BA92-46AD-8519-A69ECAA1D71A}.Debug|Any CPU.Build.0 = Debug|Any CPU
		{AA1FADDD-BA92-46AD-8519-A69ECAA1D71A}.Release|Any CPU.ActiveCfg = Release|Any CPU
		{AA1FADDD-BA92-46AD-8519-A69ECAA1D71A}.Release|Any CPU.Build.0 = Release|Any CPU
		{D7812DE3-F893-458F-87C7-F82B0D1E54F3}.Debug|Any CPU.ActiveCfg = Debug|Any CPU
		{D7812DE3-F893-458F-87C7-F82B0D1E54F3}.Debug|Any CPU.Build.0 = Debug|Any CPU
		{D7812DE3-F893-458F-87C7-F82B0D1E54F3}.Release|Any CPU.ActiveCfg = Release|Any CPU
		{D7812DE3-F893-458F-87C7-F82B0D1E54F3}.Release|Any CPU.Build.0 = Release|Any CPU
	EndGlobalSection
	GlobalSection(SolutionProperties) = preSolution
		HideSolutionNode = FALSE
	EndGlobalSection
	GlobalSection(NestedProjects) = preSolution
		{21928652-5D25-91B2-7A81-A70016008843} = {02EA681E-C7D8-13C7-8484-4AC65E1B71E8}
		{9542A7F2-8505-91FF-A952-43F8FBDDF264} = {02EA681E-C7D8-13C7-8484-4AC65E1B71E8}
		{997ECEE0-0C7C-2096-2D33-83B198626E5E} = {02EA681E-C7D8-13C7-8484-4AC65E1B71E8}
		{2FA75192-C83D-DAC4-68EC-9E337620F848} = {02EA681E-C7D8-13C7-8484-4AC65E1B71E8}
		{59DA9999-6017-FDE9-15F6-555CD6504171} = {3946BD05-52B5-4F85-ADA3-5D6662838021}
		{1A9DE0E0-2541-2463-9354-590FFD5E331D} = {3946BD05-52B5-4F85-ADA3-5D6662838021}
		{A9DB7F22-4D7E-0D2C-D12A-818D6399A403} = {3946BD05-52B5-4F85-ADA3-5D6662838021}
		{5AA2A8FB-3555-9EEC-D04A-F01CD184D5F0} = {3946BD05-52B5-4F85-ADA3-5D6662838021}
		{73899EEE-96C2-3364-0E0D-AFCA30A2617B} = {C7831676-EBEA-4F3D-A9B8-42B2C65B938F}
		{326AA005-B7E2-E5C8-06AC-71747514E1BE} = {C7831676-EBEA-4F3D-A9B8-42B2C65B938F}
		{C4D7818F-0F4A-D9C6-BB90-9C2734BCF4E6} = {C7831676-EBEA-4F3D-A9B8-42B2C65B938F}
		{6ECBE766-6232-8758-0903-F4EEC6DC0E34} = {C7831676-EBEA-4F3D-A9B8-42B2C65B938F}
		{2725BB2A-8434-4962-8D5B-1D928E0C1B93} = {095A3BF4-1860-4C9A-8488-78C3F90213DE}
		{205D560F-B736-4734-A79E-EF7554BFE0A0} = {095A3BF4-1860-4C9A-8488-78C3F90213DE}
		{685C4034-1CB8-47F7-9FB8-B74326D782D5} = {095A3BF4-1860-4C9A-8488-78C3F90213DE}
		{AA1FADDD-BA92-46AD-8519-A69ECAA1D71A} = {095A3BF4-1860-4C9A-8488-78C3F90213DE}
		{D7812DE3-F893-458F-87C7-F82B0D1E54F3} = {993FC159-FF30-46BA-856D-D228C7A4B9EC}
	EndGlobalSection
	GlobalSection(ExtensibilityGlobals) = postSolution
		SolutionGuid = {02C2A0F2-90A9-48B7-849B-E96859491F67}
	EndGlobalSection
EndGlobal
