
Microsoft Visual Studio Solution File, Format Version 12.00
# Visual Studio Version 17
VisualStudioVersion = 17.14.36401.2
MinimumVisualStudioVersion = 10.0.40219.1
Project("{2150E333-8FDC-42A3-9474-1A3956D46DE8}") = "Backend.Authentication", "Backend.Authentication", "{02EA681E-C7D8-13C7-8484-4AC65E1B71E8}"
EndProject
Project("{2150E333-8FDC-42A3-9474-1A3956D46DE8}") = "Backend.User", "Backend.User", "{3946BD05-52B5-4F85-ADA3-5D6662838021}"
EndProject
Project("{2150E333-8FDC-42A3-9474-1A3956D46DE8}") = "Backend.Store", "Backend.Store", "{C7831676-EBEA-4F3D-A9B8-42B2C65B938F}"
EndProject
Project("{2150E333-8FDC-42A3-9474-1A3956D46DE8}") = "Backend.Product", "Backend.Product", "{095A3BF4-1860-4C9A-8488-78C3F90213DE}"
EndProject
Project("{2150E333-8FDC-42A3-9474-1A3956D46DE8}") = "Gateway", "Gateway", "{993FC159-FF30-46BA-856D-D228C7A4B9EC}"
EndProject
Project("{FAE04EC0-301F-11D3-BF4B-00C04F79EFBC}") = "API", "Gateway\API\API.csproj", "{D7812DE3-F893-458F-87C7-F82B0D1E54F3}"
EndProject
Project("{2150E333-8FDC-42A3-9474-1A3956D46DE8}") = "Backend.Order", "Backend.Order", "{AF04FC8D-07BD-4F49-8CA1-A382FF29F437}"
EndProject
Project("{2150E333-8FDC-42A3-9474-1A3956D46DE8}") = "EventBus", "EventBus", "{60C25CFB-F7E1-4BED-AE22-CE4060B55966}"
EndProject
Project("{2150E333-8FDC-42A3-9474-1A3956D46DE8}") = "Services", "Services", "{2090F945-521F-4F15-BC5B-F39250FD47DA}"
EndProject
Project("{FAE04EC0-301F-11D3-BF4B-00C04F79EFBC}") = "EventBus", "EventBus\EventBus\EventBus.csproj", "{56463BA9-F442-4A1A-864E-5042AA8CE40B}"
EndProject
Project("{FAE04EC0-301F-11D3-BF4B-00C04F79EFBC}") = "EventBusRabbitMQ", "EventBus\EventBusRabbitMQ\EventBusRabbitMQ.csproj", "{04D554A8-080F-491F-8CB2-59FB7EC9B8D1}"
EndProject
Project("{FAE04EC0-301F-11D3-BF4B-00C04F79EFBC}") = "ToolDB", "Services\Tools\ToolDB\ToolDB.csproj", "{880F6751-7DF9-4EC0-91EF-3F46F4344224}"
EndProject
Project("{FAE04EC0-301F-11D3-BF4B-00C04F79EFBC}") = "Auth.API", "Services\Backend.Authentication\Auth.API\Auth.API.csproj", "{EC767C07-65BD-4C60-5A15-44745C2ABA18}"
EndProject
Project("{FAE04EC0-301F-11D3-BF4B-00C04F79EFBC}") = "Auth.BLL", "Services\Backend.Authentication\Auth.BLL\Auth.BLL.csproj", "{14672095-3936-8C49-6529-EF58EDC393B3}"
EndProject
Project("{FAE04EC0-301F-11D3-BF4B-00C04F79EFBC}") = "Auth.Common", "Services\Backend.Authentication\Auth.Common\Auth.Common.csproj", "{E47EF0C1-9BE0-B811-E84A-B99EDA1AE634}"
EndProject
Project("{FAE04EC0-301F-11D3-BF4B-00C04F79EFBC}") = "Auth.DAL", "Services\Backend.Authentication\Auth.DAL\Auth.DAL.csproj", "{8720BBD1-68FB-BC21-6106-831F7D853514}"
EndProject
Project("{FAE04EC0-301F-11D3-BF4B-00C04F79EFBC}") = "Product.API", "Services\Backend.Product\Product.API\Product.API.csproj", "{D7CF6FFD-8C40-2D85-1687-47DB04F4BDBD}"
EndProject
Project("{FAE04EC0-301F-11D3-BF4B-00C04F79EFBC}") = "Product.BLL", "Services\Backend.Product\Product.BLL\Product.BLL.csproj", "{29BC9E54-4E35-3865-A62E-4E6261EF7DAA}"
EndProject
Project("{FAE04EC0-301F-11D3-BF4B-00C04F79EFBC}") = "Product.Common", "Services\Backend.Product\Product.Common\Product.Common.csproj", "{93DE56E4-9B9F-8D9B-C84E-1815C7D4AA57}"
EndProject
Project("{FAE04EC0-301F-11D3-BF4B-00C04F79EFBC}") = "Product.DAL", "Services\Backend.Product\Product.DAL\Product.DAL.csproj", "{A57F6616-6B30-3AD8-A3F9-3147ECA8D0D6}"
EndProject
Project("{FAE04EC0-301F-11D3-BF4B-00C04F79EFBC}") = "Store.API", "Services\Backend.Store\Store.API\Store.API.csproj", "{6DFF296B-979C-9740-7B86-24CC7CD4EB82}"
EndProject
Project("{FAE04EC0-301F-11D3-BF4B-00C04F79EFBC}") = "Store.Common", "Services\Backend.Store\Store.Common\Store.Common.csproj", "{201C41D2-4D53-5837-7F3B-AA403AC22FD0}"
EndProject
Project("{FAE04EC0-301F-11D3-BF4B-00C04F79EFBC}") = "Store.DAL", "Services\Backend.Store\Store.DAL\Store.DAL.csproj", "{153769BA-5681-D67D-CAB5-9575470DEC2A}"
EndProject
Project("{FAE04EC0-301F-11D3-BF4B-00C04F79EFBC}") = "Store.BLL", "Services\Backend.Store\Store.BLL\Store.BLL.csproj", "{4701EA74-827D-726C-7A20-F99226DADE7E}"
EndProject
Project("{FAE04EC0-301F-11D3-BF4B-00C04F79EFBC}") = "User.API", "Services\Backend.User\User.API\User.API.csproj", "{E4DE2A8F-E1F7-AE90-34B3-84A4573950B8}"
EndProject
Project("{FAE04EC0-301F-11D3-BF4B-00C04F79EFBC}") = "User.BLL", "Services\Backend.User\User.BLL\User.BLL.csproj", "{570983C8-88AF-94F5-1766-EA470F8892E3}"
EndProject
Project("{FAE04EC0-301F-11D3-BF4B-00C04F79EFBC}") = "User.Common", "Services\Backend.User\User.Common\User.Common.csproj", "{0D31096F-5687-A01E-591F-C5233534A8AF}"
EndProject
Project("{FAE04EC0-301F-11D3-BF4B-00C04F79EFBC}") = "User.DAL", "Services\Backend.User\User.DAL\User.DAL.csproj", "{7F1A7E8E-2953-6EC6-7246-3BB17B636152}"
EndProject
Project("{2150E333-8FDC-42A3-9474-1A3956D46DE8}") = "Backend.Payment", "Backend.Payment", "{8824CC5C-DD63-4E65-B035-FFE33F947FE9}"
EndProject
Project("{FAE04EC0-301F-11D3-BF4B-00C04F79EFBC}") = "Order.BLL", "Services\Backend.Order\Oder.BLL\Order.BLL.csproj", "{F118AC55-EB96-40F7-8C9D-9C181B033E07}"
EndProject
Project("{FAE04EC0-301F-11D3-BF4B-00C04F79EFBC}") = "Order.DAL", "Services\Backend.Order\Order.DAL\Order.DAL.csproj", "{C57B2BA3-3D65-4763-8C17-3946F193F305}"
EndProject
Project("{FAE04EC0-301F-11D3-BF4B-00C04F79EFBC}") = "Order.Common", "Services\Backend.Order\Order.Common\Order.Common.csproj", "{992C98D4-4AF9-45D2-878E-6C10DDBE52E0}"
EndProject
Project("{FAE04EC0-301F-11D3-BF4B-00C04F79EFBC}") = "Order.API", "Services\Backend.Order\Order.API\Order.API.csproj", "{5EEEC3A5-B8FF-400C-B9AB-2F76581DC336}"
EndProject
Project("{FAE04EC0-301F-11D3-BF4B-00C04F79EFBC}") = "Payment.API", "Services\Backend.Payment\Payment.API\Payment.API.csproj", "{42AAC60B-6B5C-4BDE-BC36-D48F70E32A5A}"
EndProject
Project("{FAE04EC0-301F-11D3-BF4B-00C04F79EFBC}") = "Payment.BLL", "Services\Backend.Payment\Payment.BLL\Payment.BLL.csproj", "{66C876B5-089A-4AD7-B123-497098C7B5D0}"
EndProject
Project("{FAE04EC0-301F-11D3-BF4B-00C04F79EFBC}") = "Payment.DAL", "Services\Backend.Payment\Payment.DAL\Payment.DAL.csproj", "{067D19DB-3734-4B85-9566-2CF5A81D0F90}"
EndProject
Project("{FAE04EC0-301F-11D3-BF4B-00C04F79EFBC}") = "Payment.Common", "Services\Backend.Payment\Payment.Common\Payment.Common.csproj", "{5608056F-9FCC-4798-8889-2D9C87C9757D}"
EndProject
Global
	GlobalSection(SolutionConfigurationPlatforms) = preSolution
		Debug|Any CPU = Debug|Any CPU
		Release|Any CPU = Release|Any CPU
	EndGlobalSection
	GlobalSection(ProjectConfigurationPlatforms) = postSolution
		{D7812DE3-F893-458F-87C7-F82B0D1E54F3}.Debug|Any CPU.ActiveCfg = Debug|Any CPU
		{D7812DE3-F893-458F-87C7-F82B0D1E54F3}.Debug|Any CPU.Build.0 = Debug|Any CPU
		{D7812DE3-F893-458F-87C7-F82B0D1E54F3}.Release|Any CPU.ActiveCfg = Release|Any CPU
		{D7812DE3-F893-458F-87C7-F82B0D1E54F3}.Release|Any CPU.Build.0 = Release|Any CPU
		{56463BA9-F442-4A1A-864E-5042AA8CE40B}.Debug|Any CPU.ActiveCfg = Debug|Any CPU
		{56463BA9-F442-4A1A-864E-5042AA8CE40B}.Debug|Any CPU.Build.0 = Debug|Any CPU
		{56463BA9-F442-4A1A-864E-5042AA8CE40B}.Release|Any CPU.ActiveCfg = Release|Any CPU
		{56463BA9-F442-4A1A-864E-5042AA8CE40B}.Release|Any CPU.Build.0 = Release|Any CPU
		{04D554A8-080F-491F-8CB2-59FB7EC9B8D1}.Debug|Any CPU.ActiveCfg = Debug|Any CPU
		{04D554A8-080F-491F-8CB2-59FB7EC9B8D1}.Debug|Any CPU.Build.0 = Debug|Any CPU
		{04D554A8-080F-491F-8CB2-59FB7EC9B8D1}.Release|Any CPU.ActiveCfg = Release|Any CPU
		{04D554A8-080F-491F-8CB2-59FB7EC9B8D1}.Release|Any CPU.Build.0 = Release|Any CPU
		{880F6751-7DF9-4EC0-91EF-3F46F4344224}.Debug|Any CPU.ActiveCfg = Debug|Any CPU
		{880F6751-7DF9-4EC0-91EF-3F46F4344224}.Debug|Any CPU.Build.0 = Debug|Any CPU
		{880F6751-7DF9-4EC0-91EF-3F46F4344224}.Release|Any CPU.ActiveCfg = Release|Any CPU
		{880F6751-7DF9-4EC0-91EF-3F46F4344224}.Release|Any CPU.Build.0 = Release|Any CPU
		{EC767C07-65BD-4C60-5A15-44745C2ABA18}.Debug|Any CPU.ActiveCfg = Debug|Any CPU
		{EC767C07-65BD-4C60-5A15-44745C2ABA18}.Debug|Any CPU.Build.0 = Debug|Any CPU
		{EC767C07-65BD-4C60-5A15-44745C2ABA18}.Release|Any CPU.ActiveCfg = Release|Any CPU
		{EC767C07-65BD-4C60-5A15-44745C2ABA18}.Release|Any CPU.Build.0 = Release|Any CPU
		{14672095-3936-8C49-6529-EF58EDC393B3}.Debug|Any CPU.ActiveCfg = Debug|Any CPU
		{14672095-3936-8C49-6529-EF58EDC393B3}.Debug|Any CPU.Build.0 = Debug|Any CPU
		{14672095-3936-8C49-6529-EF58EDC393B3}.Release|Any CPU.ActiveCfg = Release|Any CPU
		{14672095-3936-8C49-6529-EF58EDC393B3}.Release|Any CPU.Build.0 = Release|Any CPU
		{E47EF0C1-9BE0-B811-E84A-B99EDA1AE634}.Debug|Any CPU.ActiveCfg = Debug|Any CPU
		{E47EF0C1-9BE0-B811-E84A-B99EDA1AE634}.Debug|Any CPU.Build.0 = Debug|Any CPU
		{E47EF0C1-9BE0-B811-E84A-B99EDA1AE634}.Release|Any CPU.ActiveCfg = Release|Any CPU
		{E47EF0C1-9BE0-B811-E84A-B99EDA1AE634}.Release|Any CPU.Build.0 = Release|Any CPU
		{8720BBD1-68FB-BC21-6106-831F7D853514}.Debug|Any CPU.ActiveCfg = Debug|Any CPU
		{8720BBD1-68FB-BC21-6106-831F7D853514}.Debug|Any CPU.Build.0 = Debug|Any CPU
		{8720BBD1-68FB-BC21-6106-831F7D853514}.Release|Any CPU.ActiveCfg = Release|Any CPU
		{8720BBD1-68FB-BC21-6106-831F7D853514}.Release|Any CPU.Build.0 = Release|Any CPU
		{D7CF6FFD-8C40-2D85-1687-47DB04F4BDBD}.Debug|Any CPU.ActiveCfg = Debug|Any CPU
		{D7CF6FFD-8C40-2D85-1687-47DB04F4BDBD}.Debug|Any CPU.Build.0 = Debug|Any CPU
		{D7CF6FFD-8C40-2D85-1687-47DB04F4BDBD}.Release|Any CPU.ActiveCfg = Release|Any CPU
		{D7CF6FFD-8C40-2D85-1687-47DB04F4BDBD}.Release|Any CPU.Build.0 = Release|Any CPU
		{29BC9E54-4E35-3865-A62E-4E6261EF7DAA}.Debug|Any CPU.ActiveCfg = Debug|Any CPU
		{29BC9E54-4E35-3865-A62E-4E6261EF7DAA}.Debug|Any CPU.Build.0 = Debug|Any CPU
		{29BC9E54-4E35-3865-A62E-4E6261EF7DAA}.Release|Any CPU.ActiveCfg = Release|Any CPU
		{29BC9E54-4E35-3865-A62E-4E6261EF7DAA}.Release|Any CPU.Build.0 = Release|Any CPU
		{93DE56E4-9B9F-8D9B-C84E-1815C7D4AA57}.Debug|Any CPU.ActiveCfg = Debug|Any CPU
		{93DE56E4-9B9F-8D9B-C84E-1815C7D4AA57}.Debug|Any CPU.Build.0 = Debug|Any CPU
		{93DE56E4-9B9F-8D9B-C84E-1815C7D4AA57}.Release|Any CPU.ActiveCfg = Release|Any CPU
		{93DE56E4-9B9F-8D9B-C84E-1815C7D4AA57}.Release|Any CPU.Build.0 = Release|Any CPU
		{A57F6616-6B30-3AD8-A3F9-3147ECA8D0D6}.Debug|Any CPU.ActiveCfg = Debug|Any CPU
		{A57F6616-6B30-3AD8-A3F9-3147ECA8D0D6}.Debug|Any CPU.Build.0 = Debug|Any CPU
		{A57F6616-6B30-3AD8-A3F9-3147ECA8D0D6}.Release|Any CPU.ActiveCfg = Release|Any CPU
		{A57F6616-6B30-3AD8-A3F9-3147ECA8D0D6}.Release|Any CPU.Build.0 = Release|Any CPU
		{6DFF296B-979C-9740-7B86-24CC7CD4EB82}.Debug|Any CPU.ActiveCfg = Debug|Any CPU
		{6DFF296B-979C-9740-7B86-24CC7CD4EB82}.Debug|Any CPU.Build.0 = Debug|Any CPU
		{6DFF296B-979C-9740-7B86-24CC7CD4EB82}.Release|Any CPU.ActiveCfg = Release|Any CPU
		{6DFF296B-979C-9740-7B86-24CC7CD4EB82}.Release|Any CPU.Build.0 = Release|Any CPU
		{201C41D2-4D53-5837-7F3B-AA403AC22FD0}.Debug|Any CPU.ActiveCfg = Debug|Any CPU
		{201C41D2-4D53-5837-7F3B-AA403AC22FD0}.Debug|Any CPU.Build.0 = Debug|Any CPU
		{201C41D2-4D53-5837-7F3B-AA403AC22FD0}.Release|Any CPU.ActiveCfg = Release|Any CPU
		{201C41D2-4D53-5837-7F3B-AA403AC22FD0}.Release|Any CPU.Build.0 = Release|Any CPU
		{153769BA-5681-D67D-CAB5-9575470DEC2A}.Debug|Any CPU.ActiveCfg = Debug|Any CPU
		{153769BA-5681-D67D-CAB5-9575470DEC2A}.Debug|Any CPU.Build.0 = Debug|Any CPU
		{153769BA-5681-D67D-CAB5-9575470DEC2A}.Release|Any CPU.ActiveCfg = Release|Any CPU
		{153769BA-5681-D67D-CAB5-9575470DEC2A}.Release|Any CPU.Build.0 = Release|Any CPU
		{4701EA74-827D-726C-7A20-F99226DADE7E}.Debug|Any CPU.ActiveCfg = Debug|Any CPU
		{4701EA74-827D-726C-7A20-F99226DADE7E}.Debug|Any CPU.Build.0 = Debug|Any CPU
		{4701EA74-827D-726C-7A20-F99226DADE7E}.Release|Any CPU.ActiveCfg = Release|Any CPU
		{4701EA74-827D-726C-7A20-F99226DADE7E}.Release|Any CPU.Build.0 = Release|Any CPU
		{E4DE2A8F-E1F7-AE90-34B3-84A4573950B8}.Debug|Any CPU.ActiveCfg = Debug|Any CPU
		{E4DE2A8F-E1F7-AE90-34B3-84A4573950B8}.Debug|Any CPU.Build.0 = Debug|Any CPU
		{E4DE2A8F-E1F7-AE90-34B3-84A4573950B8}.Release|Any CPU.ActiveCfg = Release|Any CPU
		{E4DE2A8F-E1F7-AE90-34B3-84A4573950B8}.Release|Any CPU.Build.0 = Release|Any CPU
		{570983C8-88AF-94F5-1766-EA470F8892E3}.Debug|Any CPU.ActiveCfg = Debug|Any CPU
		{570983C8-88AF-94F5-1766-EA470F8892E3}.Debug|Any CPU.Build.0 = Debug|Any CPU
		{570983C8-88AF-94F5-1766-EA470F8892E3}.Release|Any CPU.ActiveCfg = Release|Any CPU
		{570983C8-88AF-94F5-1766-EA470F8892E3}.Release|Any CPU.Build.0 = Release|Any CPU
		{0D31096F-5687-A01E-591F-C5233534A8AF}.Debug|Any CPU.ActiveCfg = Debug|Any CPU
		{0D31096F-5687-A01E-591F-C5233534A8AF}.Debug|Any CPU.Build.0 = Debug|Any CPU
		{0D31096F-5687-A01E-591F-C5233534A8AF}.Release|Any CPU.ActiveCfg = Release|Any CPU
		{0D31096F-5687-A01E-591F-C5233534A8AF}.Release|Any CPU.Build.0 = Release|Any CPU
		{7F1A7E8E-2953-6EC6-7246-3BB17B636152}.Debug|Any CPU.ActiveCfg = Debug|Any CPU
		{7F1A7E8E-2953-6EC6-7246-3BB17B636152}.Debug|Any CPU.Build.0 = Debug|Any CPU
		{7F1A7E8E-2953-6EC6-7246-3BB17B636152}.Release|Any CPU.ActiveCfg = Release|Any CPU
		{7F1A7E8E-2953-6EC6-7246-3BB17B636152}.Release|Any CPU.Build.0 = Release|Any CPU
		{F118AC55-EB96-40F7-8C9D-9C181B033E07}.Debug|Any CPU.ActiveCfg = Debug|Any CPU
		{F118AC55-EB96-40F7-8C9D-9C181B033E07}.Debug|Any CPU.Build.0 = Debug|Any CPU
		{F118AC55-EB96-40F7-8C9D-9C181B033E07}.Release|Any CPU.ActiveCfg = Release|Any CPU
		{F118AC55-EB96-40F7-8C9D-9C181B033E07}.Release|Any CPU.Build.0 = Release|Any CPU
		{C57B2BA3-3D65-4763-8C17-3946F193F305}.Debug|Any CPU.ActiveCfg = Debug|Any CPU
		{C57B2BA3-3D65-4763-8C17-3946F193F305}.Debug|Any CPU.Build.0 = Debug|Any CPU
		{C57B2BA3-3D65-4763-8C17-3946F193F305}.Release|Any CPU.ActiveCfg = Release|Any CPU
		{C57B2BA3-3D65-4763-8C17-3946F193F305}.Release|Any CPU.Build.0 = Release|Any CPU
		{992C98D4-4AF9-45D2-878E-6C10DDBE52E0}.Debug|Any CPU.ActiveCfg = Debug|Any CPU
		{992C98D4-4AF9-45D2-878E-6C10DDBE52E0}.Debug|Any CPU.Build.0 = Debug|Any CPU
		{992C98D4-4AF9-45D2-878E-6C10DDBE52E0}.Release|Any CPU.ActiveCfg = Release|Any CPU
		{992C98D4-4AF9-45D2-878E-6C10DDBE52E0}.Release|Any CPU.Build.0 = Release|Any CPU
		{5EEEC3A5-B8FF-400C-B9AB-2F76581DC336}.Debug|Any CPU.ActiveCfg = Debug|Any CPU
		{5EEEC3A5-B8FF-400C-B9AB-2F76581DC336}.Debug|Any CPU.Build.0 = Debug|Any CPU
		{5EEEC3A5-B8FF-400C-B9AB-2F76581DC336}.Release|Any CPU.ActiveCfg = Release|Any CPU
		{5EEEC3A5-B8FF-400C-B9AB-2F76581DC336}.Release|Any CPU.Build.0 = Release|Any CPU
		{42AAC60B-6B5C-4BDE-BC36-D48F70E32A5A}.Debug|Any CPU.ActiveCfg = Debug|Any CPU
		{42AAC60B-6B5C-4BDE-BC36-D48F70E32A5A}.Debug|Any CPU.Build.0 = Debug|Any CPU
		{42AAC60B-6B5C-4BDE-BC36-D48F70E32A5A}.Release|Any CPU.ActiveCfg = Release|Any CPU
		{42AAC60B-6B5C-4BDE-BC36-D48F70E32A5A}.Release|Any CPU.Build.0 = Release|Any CPU
		{66C876B5-089A-4AD7-B123-497098C7B5D0}.Debug|Any CPU.ActiveCfg = Debug|Any CPU
		{66C876B5-089A-4AD7-B123-497098C7B5D0}.Debug|Any CPU.Build.0 = Debug|Any CPU
		{66C876B5-089A-4AD7-B123-497098C7B5D0}.Release|Any CPU.ActiveCfg = Release|Any CPU
		{66C876B5-089A-4AD7-B123-497098C7B5D0}.Release|Any CPU.Build.0 = Release|Any CPU
		{067D19DB-3734-4B85-9566-2CF5A81D0F90}.Debug|Any CPU.ActiveCfg = Debug|Any CPU
		{067D19DB-3734-4B85-9566-2CF5A81D0F90}.Debug|Any CPU.Build.0 = Debug|Any CPU
		{067D19DB-3734-4B85-9566-2CF5A81D0F90}.Release|Any CPU.ActiveCfg = Release|Any CPU
		{067D19DB-3734-4B85-9566-2CF5A81D0F90}.Release|Any CPU.Build.0 = Release|Any CPU
		{5608056F-9FCC-4798-8889-2D9C87C9757D}.Debug|Any CPU.ActiveCfg = Debug|Any CPU
		{5608056F-9FCC-4798-8889-2D9C87C9757D}.Debug|Any CPU.Build.0 = Debug|Any CPU
		{5608056F-9FCC-4798-8889-2D9C87C9757D}.Release|Any CPU.ActiveCfg = Release|Any CPU
		{5608056F-9FCC-4798-8889-2D9C87C9757D}.Release|Any CPU.Build.0 = Release|Any CPU
	EndGlobalSection
	GlobalSection(SolutionProperties) = preSolution
		HideSolutionNode = FALSE
	EndGlobalSection
	GlobalSection(NestedProjects) = preSolution
		{02EA681E-C7D8-13C7-8484-4AC65E1B71E8} = {2090F945-521F-4F15-BC5B-F39250FD47DA}
		{3946BD05-52B5-4F85-ADA3-5D6662838021} = {2090F945-521F-4F15-BC5B-F39250FD47DA}
		{C7831676-EBEA-4F3D-A9B8-42B2C65B938F} = {2090F945-521F-4F15-BC5B-F39250FD47DA}
		{095A3BF4-1860-4C9A-8488-78C3F90213DE} = {2090F945-521F-4F15-BC5B-F39250FD47DA}
		{D7812DE3-F893-458F-87C7-F82B0D1E54F3} = {993FC159-FF30-46BA-856D-D228C7A4B9EC}
		{AF04FC8D-07BD-4F49-8CA1-A382FF29F437} = {2090F945-521F-4F15-BC5B-F39250FD47DA}
		{56463BA9-F442-4A1A-864E-5042AA8CE40B} = {60C25CFB-F7E1-4BED-AE22-CE4060B55966}
		{04D554A8-080F-491F-8CB2-59FB7EC9B8D1} = {60C25CFB-F7E1-4BED-AE22-CE4060B55966}
		{EC767C07-65BD-4C60-5A15-44745C2ABA18} = {02EA681E-C7D8-13C7-8484-4AC65E1B71E8}
		{14672095-3936-8C49-6529-EF58EDC393B3} = {02EA681E-C7D8-13C7-8484-4AC65E1B71E8}
		{E47EF0C1-9BE0-B811-E84A-B99EDA1AE634} = {02EA681E-C7D8-13C7-8484-4AC65E1B71E8}
		{8720BBD1-68FB-BC21-6106-831F7D853514} = {02EA681E-C7D8-13C7-8484-4AC65E1B71E8}
		{D7CF6FFD-8C40-2D85-1687-47DB04F4BDBD} = {095A3BF4-1860-4C9A-8488-78C3F90213DE}
		{29BC9E54-4E35-3865-A62E-4E6261EF7DAA} = {095A3BF4-1860-4C9A-8488-78C3F90213DE}
		{93DE56E4-9B9F-8D9B-C84E-1815C7D4AA57} = {095A3BF4-1860-4C9A-8488-78C3F90213DE}
		{A57F6616-6B30-3AD8-A3F9-3147ECA8D0D6} = {095A3BF4-1860-4C9A-8488-78C3F90213DE}
		{6DFF296B-979C-9740-7B86-24CC7CD4EB82} = {C7831676-EBEA-4F3D-A9B8-42B2C65B938F}
		{201C41D2-4D53-5837-7F3B-AA403AC22FD0} = {C7831676-EBEA-4F3D-A9B8-42B2C65B938F}
		{153769BA-5681-D67D-CAB5-9575470DEC2A} = {C7831676-EBEA-4F3D-A9B8-42B2C65B938F}
		{4701EA74-827D-726C-7A20-F99226DADE7E} = {C7831676-EBEA-4F3D-A9B8-42B2C65B938F}
		{E4DE2A8F-E1F7-AE90-34B3-84A4573950B8} = {3946BD05-52B5-4F85-ADA3-5D6662838021}
		{570983C8-88AF-94F5-1766-EA470F8892E3} = {3946BD05-52B5-4F85-ADA3-5D6662838021}
		{0D31096F-5687-A01E-591F-C5233534A8AF} = {3946BD05-52B5-4F85-ADA3-5D6662838021}
		{7F1A7E8E-2953-6EC6-7246-3BB17B636152} = {3946BD05-52B5-4F85-ADA3-5D6662838021}
		{8824CC5C-DD63-4E65-B035-FFE33F947FE9} = {2090F945-521F-4F15-BC5B-F39250FD47DA}
		{F118AC55-EB96-40F7-8C9D-9C181B033E07} = {AF04FC8D-07BD-4F49-8CA1-A382FF29F437}
		{C57B2BA3-3D65-4763-8C17-3946F193F305} = {AF04FC8D-07BD-4F49-8CA1-A382FF29F437}
		{992C98D4-4AF9-45D2-878E-6C10DDBE52E0} = {AF04FC8D-07BD-4F49-8CA1-A382FF29F437}
		{5EEEC3A5-B8FF-400C-B9AB-2F76581DC336} = {AF04FC8D-07BD-4F49-8CA1-A382FF29F437}
		{42AAC60B-6B5C-4BDE-BC36-D48F70E32A5A} = {8824CC5C-DD63-4E65-B035-FFE33F947FE9}
		{66C876B5-089A-4AD7-B123-497098C7B5D0} = {8824CC5C-DD63-4E65-B035-FFE33F947FE9}
		{067D19DB-3734-4B85-9566-2CF5A81D0F90} = {8824CC5C-DD63-4E65-B035-FFE33F947FE9}
		{5608056F-9FCC-4798-8889-2D9C87C9757D} = {8824CC5C-DD63-4E65-B035-FFE33F947FE9}
	EndGlobalSection
	GlobalSection(ExtensibilityGlobals) = postSolution
		SolutionGuid = {02C2A0F2-90A9-48B7-849B-E96859491F67}
	EndGlobalSection
EndGlobal
